
Microsoft Visual Studio Solution File, Format Version 12.00
# Visual Studio Version 17
VisualStudioVersion = 17.0.31903.59
MinimumVisualStudioVersion = 10.0.40219.1
Project("{2150E333-8FDC-42A3-9474-1A3956D46DE8}") = "src", "src", "{805260AB-BB29-4155-AA7C-B9CEE64F12A7}"
EndProject
Project("{FAE04EC0-301F-11D3-BF4B-00C04F79EFBC}") = "BookOfTheEnd", "src\BookOfTheEnd\BookOfTheEnd.csproj", "{2712C267-F1C2-4E17-9BCD-9E321CB26F42}"
EndProject
Project("{2150E333-8FDC-42A3-9474-1A3956D46DE8}") = "installer", "installer", "{A1B2C3D4-E5F6-7890-ABCD-EF1234567890}"
EndProject
Project("{93C6BA47-8487-4638-A8A7-C84E83F4C4CA}") = "BookOfTheEnd.Installer", "installer\BookOfTheEnd.Installer.wixproj", "{B2C3D4E5-F6A7-8901-BCDE-F12345678901}"
EndProject
Global
	GlobalSection(SolutionConfigurationPlatforms) = preSolution
		Debug|Any CPU = Debug|Any CPU
		Release|Any CPU = Release|Any CPU
	EndGlobalSection
	GlobalSection(SolutionProperties) = preSolution
		HideSolutionNode = FALSE
	EndGlobalSection
	GlobalSection(ProjectConfigurationPlatforms) = postSolution
		{2712C267-F1C2-4E17-9BCD-9E321CB26F42}.Debug|Any CPU.ActiveCfg = Debug|Any CPU
		{2712C267-F1C2-4E17-9BCD-9E321CB26F42}.Debug|Any CPU.Build.0 = Debug|Any CPU
		{2712C267-F1C2-4E17-9BCD-9E321CB26F42}.Release|Any CPU.ActiveCfg = Release|Any CPU
		{2712C267-F1C2-4E17-9BCD-9E321CB26F42}.Release|Any CPU.Build.0 = Release|Any CPU
		{B2C3D4E5-F6A7-8901-BCDE-F12345678901}.Debug|Any CPU.ActiveCfg = Debug|Any CPU
		{B2C3D4E5-F6A7-8901-BCDE-F12345678901}.Debug|Any CPU.Build.0 = Debug|Any CPU
		{B2C3D4E5-F6A7-8901-BCDE-F12345678901}.Release|Any CPU.ActiveCfg = Release|Any CPU
		{B2C3D4E5-F6A7-8901-BCDE-F12345678901}.Release|Any CPU.Build.0 = Release|Any CPU
	EndGlobalSection
	GlobalSection(NestedProjects) = preSolution
		{2712C267-F1C2-4E17-9BCD-9E321CB26F42} = {805260AB-BB29-4155-AA7C-B9CEE64F12A7}
		{B2C3D4E5-F6A7-8901-BCDE-F12345678901} = {A1B2C3D4-E5F6-7890-ABCD-EF1234567890}
	EndGlobalSection
EndGlobal
